
Microsoft Visual Studio Solution File, Format Version 12.00
# Visual Studio Version 16
VisualStudioVersion = 16.0.30309.148
MinimumVisualStudioVersion = 10.0.40219.1
Project("{FAE04EC0-301F-11D3-BF4B-00C04F79EFBC}") = "TicTacToe", "TicTacToe\TicTacToe.csproj", "{9C0A0E34-33C3-4C01-AF31-AEFA1CC1D39C}"
EndProject
Global
	GlobalSection(SolutionConfigurationPlatforms) = preSolution
		Debug|Any CPU = Debug|Any CPU
		Release|Any CPU = Release|Any CPU
	EndGlobalSection
	GlobalSection(ProjectConfigurationPlatforms) = postSolution
		{9C0A0E34-33C3-4C01-AF31-AEFA1CC1D39C}.Debug|Any CPU.ActiveCfg = Debug|Any CPU
		{9C0A0E34-33C3-4C01-AF31-AEFA1CC1D39C}.Debug|Any CPU.Build.0 = Debug|Any CPU
		{9C0A0E34-33C3-4C01-AF31-AEFA1CC1D39C}.Release|Any CPU.ActiveCfg = Release|Any CPU
		{9C0A0E34-33C3-4C01-AF31-AEFA1CC1D39C}.Release|Any CPU.Build.0 = Release|Any CPU
	EndGlobalSection
	GlobalSection(SolutionProperties) = preSolution
		HideSolutionNode = FALSE
	EndGlobalSection
	GlobalSection(ExtensibilityGlobals) = postSolution
		SolutionGuid = {A77B2F48-9785-4C13-B4D6-48586A46CF55}
	EndGlobalSection
EndGlobal
